// !$*UTF8*$!
{
	archiveVersion = 1;
	classes = {
	};
	objectVersion = 50;
	objects = {

/* Begin PBXBuildFile section */
		32023EE579E0C37F0D256638 /* Pods_CricketTemp.framework in Frameworks */ = {isa = PBXBuildFile; fileRef = FABA463B755D460A4F2E66AE /* Pods_CricketTemp.framework */; };
		75930CA021128BBD00E676E3 /* AppDelegate.swift in Sources */ = {isa = PBXBuildFile; fileRef = 75930C9F21128BBD00E676E3 /* AppDelegate.swift */; };
		75930CA221128BBD00E676E3 /* ViewController.swift in Sources */ = {isa = PBXBuildFile; fileRef = 75930CA121128BBD00E676E3 /* ViewController.swift */; };
		75930CA521128BBD00E676E3 /* Main.storyboard in Resources */ = {isa = PBXBuildFile; fileRef = 75930CA321128BBD00E676E3 /* Main.storyboard */; };
		75930CA721128BBE00E676E3 /* Assets.xcassets in Resources */ = {isa = PBXBuildFile; fileRef = 75930CA621128BBE00E676E3 /* Assets.xcassets */; };
		75930CAA21128BBE00E676E3 /* LaunchScreen.storyboard in Resources */ = {isa = PBXBuildFile; fileRef = 75930CA821128BBE00E676E3 /* LaunchScreen.storyboard */; };
/* End PBXBuildFile section */

/* Begin PBXFileReference section */
		75930C9C21128BBD00E676E3 /* CricketTemp.app */ = {isa = PBXFileReference; explicitFileType = wrapper.application; includeInIndex = 0; path = CricketTemp.app; sourceTree = BUILT_PRODUCTS_DIR; };
		75930C9F21128BBD00E676E3 /* AppDelegate.swift */ = {isa = PBXFileReference; lastKnownFileType = sourcecode.swift; path = AppDelegate.swift; sourceTree = "<group>"; };
		75930CA121128BBD00E676E3 /* ViewController.swift */ = {isa = PBXFileReference; lastKnownFileType = sourcecode.swift; path = ViewController.swift; sourceTree = "<group>"; };
		75930CA421128BBD00E676E3 /* Base */ = {isa = PBXFileReference; lastKnownFileType = file.storyboard; name = Base; path = Base.lproj/Main.storyboard; sourceTree = "<group>"; };
		75930CA621128BBE00E676E3 /* Assets.xcassets */ = {isa = PBXFileReference; lastKnownFileType = folder.assetcatalog; path = Assets.xcassets; sourceTree = "<group>"; };
		75930CA921128BBE00E676E3 /* Base */ = {isa = PBXFileReference; lastKnownFileType = file.storyboard; name = Base; path = Base.lproj/LaunchScreen.storyboard; sourceTree = "<group>"; };
		75930CAB21128BBE00E676E3 /* Info.plist */ = {isa = PBXFileReference; lastKnownFileType = text.plist.xml; path = Info.plist; sourceTree = "<group>"; };
		AFEEE9A93A48404D52642A82 /* Pods-CricketTemp.release.xcconfig */ = {isa = PBXFileReference; includeInIndex = 1; lastKnownFileType = text.xcconfig; name = "Pods-CricketTemp.release.xcconfig"; path = "Pods/Target Support Files/Pods-CricketTemp/Pods-CricketTemp.release.xcconfig"; sourceTree = "<group>"; };
		CBFA62628C31A1362F48BEEC /* Pods-CricketTemp.debug.xcconfig */ = {isa = PBXFileReference; includeInIndex = 1; lastKnownFileType = text.xcconfig; name = "Pods-CricketTemp.debug.xcconfig"; path = "Pods/Target Support Files/Pods-CricketTemp/Pods-CricketTemp.debug.xcconfig"; sourceTree = "<group>"; };
		FABA463B755D460A4F2E66AE /* Pods_CricketTemp.framework */ = {isa = PBXFileReference; explicitFileType = wrapper.framework; includeInIndex = 0; path = Pods_CricketTemp.framework; sourceTree = BUILT_PRODUCTS_DIR; };
/* End PBXFileReference section */

/* Begin PBXFrameworksBuildPhase section */
		75930C9921128BBD00E676E3 /* Frameworks */ = {
			isa = PBXFrameworksBuildPhase;
			buildActionMask = 2147483647;
			files = (
				32023EE579E0C37F0D256638 /* Pods_CricketTemp.framework in Frameworks */,
			);
			runOnlyForDeploymentPostprocessing = 0;
		};
/* End PBXFrameworksBuildPhase section */

/* Begin PBXGroup section */
		340E0E8E84562B3B30B781BC /* Pods */ = {
			isa = PBXGroup;
			children = (
				CBFA62628C31A1362F48BEEC /* Pods-CricketTemp.debug.xcconfig */,
				AFEEE9A93A48404D52642A82 /* Pods-CricketTemp.release.xcconfig */,
			);
			name = Pods;
			sourceTree = "<group>";
		};
		48A508972F75C6F544288E5D /* Frameworks */ = {
			isa = PBXGroup;
			children = (
				FABA463B755D460A4F2E66AE /* Pods_CricketTemp.framework */,
			);
			name = Frameworks;
			sourceTree = "<group>";
		};
		75930C9321128BBD00E676E3 = {
			isa = PBXGroup;
			children = (
				75930C9E21128BBD00E676E3 /* CricketTemp */,
				75930C9D21128BBD00E676E3 /* Products */,
				340E0E8E84562B3B30B781BC /* Pods */,
				48A508972F75C6F544288E5D /* Frameworks */,
			);
			sourceTree = "<group>";
		};
		75930C9D21128BBD00E676E3 /* Products */ = {
			isa = PBXGroup;
			children = (
				75930C9C21128BBD00E676E3 /* CricketTemp.app */,
			);
			name = Products;
			sourceTree = "<group>";
		};
		75930C9E21128BBD00E676E3 /* CricketTemp */ = {
			isa = PBXGroup;
			children = (
				75930C9F21128BBD00E676E3 /* AppDelegate.swift */,
				75930CA121128BBD00E676E3 /* ViewController.swift */,
				75930CA321128BBD00E676E3 /* Main.storyboard */,
				75930CA621128BBE00E676E3 /* Assets.xcassets */,
				75930CA821128BBE00E676E3 /* LaunchScreen.storyboard */,
				75930CAB21128BBE00E676E3 /* Info.plist */,
			);
			path = CricketTemp;
			sourceTree = "<group>";
		};
/* End PBXGroup section */

/* Begin PBXNativeTarget section */
		75930C9B21128BBD00E676E3 /* CricketTemp */ = {
			isa = PBXNativeTarget;
			buildConfigurationList = 75930CAE21128BBE00E676E3 /* Build configuration list for PBXNativeTarget "CricketTemp" */;
			buildPhases = (
				DC2C0155755D00E296D9BE87 /* [CP] Check Pods Manifest.lock */,
				75930C9821128BBD00E676E3 /* Sources */,
				75930C9921128BBD00E676E3 /* Frameworks */,
				75930C9A21128BBD00E676E3 /* Resources */,
				A26653ADC8B144E4E0445575 /* [CP] Embed Pods Frameworks */,
			);
			buildRules = (
			);
			dependencies = (
			);
			name = CricketTemp;
			productName = CricketTemp;
			productReference = 75930C9C21128BBD00E676E3 /* CricketTemp.app */;
			productType = "com.apple.product-type.application";
		};
/* End PBXNativeTarget section */

/* Begin PBXProject section */
		75930C9421128BBD00E676E3 /* Project object */ = {
			isa = PBXProject;
			attributes = {
				LastSwiftUpdateCheck = 0940;
				LastUpgradeCheck = 0940;
				ORGANIZATIONNAME = "Claybrook Software, LLC";
				TargetAttributes = {
					75930C9B21128BBD00E676E3 = {
						CreatedOnToolsVersion = 9.4.1;
					};
				};
			};
			buildConfigurationList = 75930C9721128BBD00E676E3 /* Build configuration list for PBXProject "CricketTemp" */;
			compatibilityVersion = "Xcode 9.3";
			developmentRegion = en;
			hasScannedForEncodings = 0;
			knownRegions = (
				en,
				Base,
			);
			mainGroup = 75930C9321128BBD00E676E3;
			productRefGroup = 75930C9D21128BBD00E676E3 /* Products */;
			projectDirPath = "";
			projectRoot = "";
			targets = (
				75930C9B21128BBD00E676E3 /* CricketTemp */,
			);
		};
/* End PBXProject section */

/* Begin PBXResourcesBuildPhase section */
		75930C9A21128BBD00E676E3 /* Resources */ = {
			isa = PBXResourcesBuildPhase;
			buildActionMask = 2147483647;
			files = (
				75930CAA21128BBE00E676E3 /* LaunchScreen.storyboard in Resources */,
				75930CA721128BBE00E676E3 /* Assets.xcassets in Resources */,
				75930CA521128BBD00E676E3 /* Main.storyboard in Resources */,
			);
			runOnlyForDeploymentPostprocessing = 0;
		};
/* End PBXResourcesBuildPhase section */

/* Begin PBXShellScriptBuildPhase section */
		A26653ADC8B144E4E0445575 /* [CP] Embed Pods Frameworks */ = {
			isa = PBXShellScriptBuildPhase;
			buildActionMask = 2147483647;
			files = (
			);
			inputPaths = (
				"${SRCROOT}/Pods/Target Support Files/Pods-CricketTemp/Pods-CricketTemp-frameworks.sh",
				"${BUILT_PRODUCTS_DIR}/RxCocoa/RxCocoa.framework",
				"${BUILT_PRODUCTS_DIR}/RxSwift/RxSwift.framework",
			);
			name = "[CP] Embed Pods Frameworks";
			outputPaths = (
				"${TARGET_BUILD_DIR}/${FRAMEWORKS_FOLDER_PATH}/RxCocoa.framework",
				"${TARGET_BUILD_DIR}/${FRAMEWORKS_FOLDER_PATH}/RxSwift.framework",
			);
			runOnlyForDeploymentPostprocessing = 0;
			shellPath = /bin/sh;
			shellScript = "\"${SRCROOT}/Pods/Target Support Files/Pods-CricketTemp/Pods-CricketTemp-frameworks.sh\"\n";
			showEnvVarsInLog = 0;
		};
		DC2C0155755D00E296D9BE87 /* [CP] Check Pods Manifest.lock */ = {
			isa = PBXShellScriptBuildPhase;
			buildActionMask = 2147483647;
			files = (
			);
			inputPaths = (
				"${PODS_PODFILE_DIR_PATH}/Podfile.lock",
				"${PODS_ROOT}/Manifest.lock",
			);
			name = "[CP] Check Pods Manifest.lock";
			outputPaths = (
				"$(DERIVED_FILE_DIR)/Pods-CricketTemp-checkManifestLockResult.txt",
			);
			runOnlyForDeploymentPostprocessing = 0;
			shellPath = /bin/sh;
			shellScript = "diff \"${PODS_PODFILE_DIR_PATH}/Podfile.lock\" \"${PODS_ROOT}/Manifest.lock\" > /dev/null\nif [ $? != 0 ] ; then\n    # print error to STDERR\n    echo \"error: The sandbox is not in sync with the Podfile.lock. Run 'pod install' or update your CocoaPods installation.\" >&2\n    exit 1\nfi\n# This output is used by Xcode 'outputs' to avoid re-running this script phase.\necho \"SUCCESS\" > \"${SCRIPT_OUTPUT_FILE_0}\"\n";
			showEnvVarsInLog = 0;
		};
/* End PBXShellScriptBuildPhase section */

/* Begin PBXSourcesBuildPhase section */
		75930C9821128BBD00E676E3 /* Sources */ = {
			isa = PBXSourcesBuildPhase;
			buildActionMask = 2147483647;
			files = (
				75930CA221128BBD00E676E3 /* ViewController.swift in Sources */,
				75930CA021128BBD00E676E3 /* AppDelegate.swift in Sources */,
			);
			runOnlyForDeploymentPostprocessing = 0;
		};
/* End PBXSourcesBuildPhase section */

/* Begin PBXVariantGroup section */
		75930CA321128BBD00E676E3 /* Main.storyboard */ = {
			isa = PBXVariantGroup;
			children = (
				75930CA421128BBD00E676E3 /* Base */,
			);
			name = Main.storyboard;
			sourceTree = "<group>";
		};
		75930CA821128BBE00E676E3 /* LaunchScreen.storyboard */ = {
			isa = PBXVariantGroup;
			children = (
				75930CA921128BBE00E676E3 /* Base */,
			);
			name = LaunchScreen.storyboard;
			sourceTree = "<group>";
		};
/* End PBXVariantGroup section */

/* Begin XCBuildConfiguration section */
		75930CAC21128BBE00E676E3 /* Debug */ = {
			isa = XCBuildConfiguration;
			buildSettings = {
				ALWAYS_SEARCH_USER_PATHS = NO;
				CLANG_ANALYZER_NONNULL = YES;
				CLANG_ANALYZER_NUMBER_OBJECT_CONVERSION = YES_AGGRESSIVE;
				CLANG_CXX_LANGUAGE_STANDARD = "gnu++14";
				CLANG_CXX_LIBRARY = "libc++";
				CLANG_ENABLE_MODULES = YES;
				CLANG_ENABLE_OBJC_ARC = YES;
				CLANG_ENABLE_OBJC_WEAK = YES;
				CLANG_WARN_BLOCK_CAPTURE_AUTORELEASING = YES;
				CLANG_WARN_BOOL_CONVERSION = YES;
				CLANG_WARN_COMMA = YES;
				CLANG_WARN_CONSTANT_CONVERSION = YES;
				CLANG_WARN_DEPRECATED_OBJC_IMPLEMENTATIONS = YES;
				CLANG_WARN_DIRECT_OBJC_ISA_USAGE = YES_ERROR;
				CLANG_WARN_DOCUMENTATION_COMMENTS = YES;
				CLANG_WARN_EMPTY_BODY = YES;
				CLANG_WARN_ENUM_CONVERSION = YES;
				CLANG_WARN_INFINITE_RECURSION = YES;
				CLANG_WARN_INT_CONVERSION = YES;
				CLANG_WARN_NON_LITERAL_NULL_CONVERSION = YES;
				CLANG_WARN_OBJC_IMPLICIT_RETAIN_SELF = YES;
				CLANG_WARN_OBJC_LITERAL_CONVERSION = YES;
				CLANG_WARN_OBJC_ROOT_CLASS = YES_ERROR;
				CLANG_WARN_RANGE_LOOP_ANALYSIS = YES;
				CLANG_WARN_STRICT_PROTOTYPES = YES;
				CLANG_WARN_SUSPICIOUS_MOVE = YES;
				CLANG_WARN_UNGUARDED_AVAILABILITY = YES_AGGRESSIVE;
				CLANG_WARN_UNREACHABLE_CODE = YES;
				CLANG_WARN__DUPLICATE_METHOD_MATCH = YES;
				CODE_SIGN_IDENTITY = "iPhone Developer";
				COPY_PHASE_STRIP = NO;
				DEBUG_INFORMATION_FORMAT = dwarf;
				ENABLE_STRICT_OBJC_MSGSEND = YES;
				ENABLE_TESTABILITY = YES;
				GCC_C_LANGUAGE_STANDARD = gnu11;
				GCC_DYNAMIC_NO_PIC = NO;
				GCC_NO_COMMON_BLOCKS = YES;
				GCC_OPTIMIZATION_LEVEL = 0;
				GCC_PREPROCESSOR_DEFINITIONS = (
					"DEBUG=1",
					"$(inherited)",
				);
				GCC_WARN_64_TO_32_BIT_CONVERSION = YES;
				GCC_WARN_ABOUT_RETURN_TYPE = YES_ERROR;
				GCC_WARN_UNDECLARED_SELECTOR = YES;
				GCC_WARN_UNINITIALIZED_AUTOS = YES_AGGRESSIVE;
				GCC_WARN_UNUSED_FUNCTION = YES;
				GCC_WARN_UNUSED_VARIABLE = YES;
				IPHONEOS_DEPLOYMENT_TARGET = 11.4;
				MTL_ENABLE_DEBUG_INFO = YES;
				ONLY_ACTIVE_ARCH = YES;
				SDKROOT = iphoneos;
				SWIFT_ACTIVE_COMPILATION_CONDITIONS = DEBUG;
				SWIFT_OPTIMIZATION_LEVEL = "-Onone";
			};
			name = Debug;
		};
		75930CAD21128BBE00E676E3 /* Release */ = {
			isa = XCBuildConfiguration;
			buildSettings = {
				ALWAYS_SEARCH_USER_PATHS = NO;
				CLANG_ANALYZER_NONNULL = YES;
				CLANG_ANALYZER_NUMBER_OBJECT_CONVERSION = YES_AGGRESSIVE;
				CLANG_CXX_LANGUAGE_STANDARD = "gnu++14";
				CLANG_CXX_LIBRARY = "libc++";
				CLANG_ENABLE_MODULES = YES;
				CLANG_ENABLE_OBJC_ARC = YES;
				CLANG_ENABLE_OBJC_WEAK = YES;
				CLANG_WARN_BLOCK_CAPTURE_AUTORELEASING = YES;
				CLANG_WARN_BOOL_CONVERSION = YES;
				CLANG_WARN_COMMA = YES;
				CLANG_WARN_CONSTANT_CONVERSION = YES;
				CLANG_WARN_DEPRECATED_OBJC_IMPLEMENTATIONS = YES;
				CLANG_WARN_DIRECT_OBJC_ISA_USAGE = YES_ERROR;
				CLANG_WARN_DOCUMENTATION_COMMENTS = YES;
				CLANG_WARN_EMPTY_BODY = YES;
				CLANG_WARN_ENUM_CONVERSION = YES;
				CLANG_WARN_INFINITE_RECURSION = YES;
				CLANG_WARN_INT_CONVERSION = YES;
				CLANG_WARN_NON_LITERAL_NULL_CONVERSION = YES;
				CLANG_WARN_OBJC_IMPLICIT_RETAIN_SELF = YES;
				CLANG_WARN_OBJC_LITERAL_CONVERSION = YES;
				CLANG_WARN_OBJC_ROOT_CLASS = YES_ERROR;
				CLANG_WARN_RANGE_LOOP_ANALYSIS = YES;
				CLANG_WARN_STRICT_PROTOTYPES = YES;
				CLANG_WARN_SUSPICIOUS_MOVE = YES;
				CLANG_WARN_UNGUARDED_AVAILABILITY = YES_AGGRESSIVE;
				CLANG_WARN_UNREACHABLE_CODE = YES;
				CLANG_WARN__DUPLICATE_METHOD_MATCH = YES;
				CODE_SIGN_IDENTITY = "iPhone Developer";
				COPY_PHASE_STRIP = NO;
				DEBUG_INFORMATION_FORMAT = "dwarf-with-dsym";
				ENABLE_NS_ASSERTIONS = NO;
				ENABLE_STRICT_OBJC_MSGSEND = YES;
				GCC_C_LANGUAGE_STANDARD = gnu11;
				GCC_NO_COMMON_BLOCKS = YES;
				GCC_WARN_64_TO_32_BIT_CONVERSION = YES;
				GCC_WARN_ABOUT_RETURN_TYPE = YES_ERROR;
				GCC_WARN_UNDECLARED_SELECTOR = YES;
				GCC_WARN_UNINITIALIZED_AUTOS = YES_AGGRESSIVE;
				GCC_WARN_UNUSED_FUNCTION = YES;
				GCC_WARN_UNUSED_VARIABLE = YES;
				IPHONEOS_DEPLOYMENT_TARGET = 11.4;
				MTL_ENABLE_DEBUG_INFO = NO;
				SDKROOT = iphoneos;
				SWIFT_COMPILATION_MODE = wholemodule;
				SWIFT_OPTIMIZATION_LEVEL = "-O";
				VALIDATE_PRODUCT = YES;
			};
			name = Release;
		};
		75930CAF21128BBE00E676E3 /* Debug */ = {
			isa = XCBuildConfiguration;
			baseConfigurationReference = CBFA62628C31A1362F48BEEC /* Pods-CricketTemp.debug.xcconfig */;
			buildSettings = {
				ASSETCATALOG_COMPILER_APPICON_NAME = AppIcon;
				CODE_SIGN_STYLE = Automatic;
				DEVELOPMENT_TEAM = 4SGAZDJL4U;
				INFOPLIST_FILE = CricketTemp/Info.plist;
				LD_RUNPATH_SEARCH_PATHS = (
					"$(inherited)",
					"@executable_path/Frameworks",
				);
				PRODUCT_BUNDLE_IDENTIFIER = com.claybrooksoftware.CricketTemp;
				PRODUCT_NAME = "$(TARGET_NAME)";
				SWIFT_VERSION = 4.0;
				TARGETED_DEVICE_FAMILY = "1,2";
			};
			name = Debug;
		};
		75930CB021128BBE00E676E3 /* Release */ = {
			isa = XCBuildConfiguration;
			baseConfigurationReference = AFEEE9A93A48404D52642A82 /* Pods-CricketTemp.release.xcconfig */;
			buildSettings = {
				ASSETCATALOG_COMPILER_APPICON_NAME = AppIcon;
				CODE_SIGN_STYLE = Automatic;
				DEVELOPMENT_TEAM = 4SGAZDJL4U;
				INFOPLIST_FILE = CricketTemp/Info.plist;
				LD_RUNPATH_SEARCH_PATHS = (
					"$(inherited)",
					"@executable_path/Frameworks",
				);
				PRODUCT_BUNDLE_IDENTIFIER = com.claybrooksoftware.CricketTemp;
				PRODUCT_NAME = "$(TARGET_NAME)";
				SWIFT_VERSION = 4.0;
				TARGETED_DEVICE_FAMILY = "1,2";
			};
			name = Release;
		};
/* End XCBuildConfiguration section */

/* Begin XCConfigurationList section */
		75930C9721128BBD00E676E3 /* Build configuration list for PBXProject "CricketTemp" */ = {
			isa = XCConfigurationList;
			buildConfigurations = (
				75930CAC21128BBE00E676E3 /* Debug */,
				75930CAD21128BBE00E676E3 /* Release */,
			);
			defaultConfigurationIsVisible = 0;
			defaultConfigurationName = Release;
		};
		75930CAE21128BBE00E676E3 /* Build configuration list for PBXNativeTarget "CricketTemp" */ = {
			isa = XCConfigurationList;
			buildConfigurations = (
				75930CAF21128BBE00E676E3 /* Debug */,
				75930CB021128BBE00E676E3 /* Release */,
			);
			defaultConfigurationIsVisible = 0;
			defaultConfigurationName = Release;
		};
/* End XCConfigurationList section */
	};
	rootObject = 75930C9421128BBD00E676E3 /* Project object */;
}
